{
  "lockfileVersion": 1,
  "configVersion": 1,
  "workspaces": {
    "": {
      "name": "agmux",
      "devDependencies": {
        "@types/bun": "latest",
        "typescript": "^5.5.0",
      },
    },
    "packages/cli": {
      "name": "@agmux/cli",
      "version": "0.0.0",
      "dependencies": {
        "@agmux/hub": "workspace:*",
        "@agmux/protocol": "workspace:*",
      },
      "devDependencies": {
        "@agmux/store": "workspace:*",
      },
    },
    "packages/hub": {
      "name": "@agmux/hub",
      "version": "0.0.0",
      "bin": {
        "agmux-hub": "bin/agmux-hub.ts",
      },
      "dependencies": {
        "@agmux/protocol": "workspace:*",
        "@agmux/store": "workspace:*",
      },
    },
    "packages/protocol": {
      "name": "@agmux/protocol",
      "version": "0.0.0",
    },
    "packages/store": {
      "name": "@agmux/store",
      "version": "0.0.0",
      "dependencies": {
        "@agmux/protocol": "workspace:*",
      },
    },
    "packages/wrapper": {
      "name": "@agmux/wrapper",
      "version": "0.0.0",
      "dependencies": {
        "@agmux/protocol": "workspace:*",
        "smol-toml": "^1.3.0",
        "ulid": "^2.3.0",
      },
      "devDependencies": {
        "@agmux/hub": "workspace:*",
        "@agmux/store": "workspace:*",
      },
    },
  },
  "packages": {
    "@agmux/cli": ["@agmux/cli@workspace:packages/cli"],

    "@agmux/hub": ["@agmux/hub@workspace:packages/hub"],

    "@agmux/protocol": ["@agmux/protocol@workspace:packages/protocol"],

    "@agmux/store": ["@agmux/store@workspace:packages/store"],

    "@agmux/wrapper": ["@agmux/wrapper@workspace:packages/wrapper"],

    "@types/bun": ["@types/bun@1.3.14", "", { "dependencies": { "bun-types": "1.3.14" } }, "sha512-h1hFqFVcvAvD9j9K7ZW7vd82aSA+rTdznZa+5bwvCwqSB1jmmfLcbIWhOLx1/+boy/xmjgCs/OMUL8hRJSmnPw=="],

    "@types/node": ["@types/node@25.9.1", "", { "dependencies": { "undici-types": ">=7.24.0 <7.24.7" } }, "sha512-xfrlY7UD5rMJk3ZVJP8BNzS28J36YJg+xp+LPXV1TdWxr8uMH5A860QNxYDGQe/ylDSgjxE52Q9VnO7p75tJxg=="],

    "bun-types": ["bun-types@1.3.14", "", { "dependencies": { "@types/node": "*" } }, "sha512-4N0ig0fEomHt5R0KCFWjovxow98rIoRwKolrYdCcknNwMekCXRnWEUvgu5soYV8QXtVsrUD8B95MBOZGPvr6KQ=="],

    "smol-toml": ["smol-toml@1.6.1", "", {}, "sha512-dWUG8F5sIIARXih1DTaQAX4SsiTXhInKf1buxdY9DIg4ZYPZK5nGM1VRIYmEbDbsHt7USo99xSLFu5Q1IqTmsg=="],

    "typescript": ["typescript@5.9.3", "", { "bin": { "tsc": "bin/tsc", "tsserver": "bin/tsserver" } }, "sha512-jl1vZzPDinLr9eUt3J/t7V6FgNEw9QjvBPdysz9KfQDD41fQrC2Y4vKQdiaUpFT4bXlb1RHhLpp8wtm6M5TgSw=="],

    "ulid": ["ulid@2.4.0", "", { "bin": { "ulid": "bin/cli.js" } }, "sha512-fIRiVTJNcSRmXKPZtGzFQv9WRrZ3M9eoptl/teFJvjOzmpU+/K/JH6HZ8deBfb5vMEpicJcLn7JmvdknlMq7Zg=="],

    "undici-types": ["undici-types@7.24.6", "", {}, "sha512-WRNW+sJgj5OBN4/0JpHFqtqzhpbnV0GuB+OozA9gCL7a993SmU+1JBZCzLNxYsbMfIeDL+lTsphD5jN5N+n0zg=="],
  }
}
